
Microsoft Visual Studio Solution File, Format Version 12.00
# Visual Studio 15
VisualStudioVersion = 15.0.27130.2036
MinimumVisualStudioVersion = 10.0.40219.1
Project("{FAE04EC0-301F-11D3-BF4B-00C04F79EFBC}") = "POSIntegrator", "POSIntegrator\POSIntegrator.csproj", "{1F554F74-00D0-4731-BC9A-66269992E106}"
EndProject
Global
	GlobalSection(SolutionConfigurationPlatforms) = preSolution
		Debug|Any CPU = Debug|Any CPU
		Release|Any CPU = Release|Any CPU
	EndGlobalSection
	GlobalSection(ProjectConfigurationPlatforms) = postSolution
		{1F554F74-00D0-4731-BC9A-66269992E106}.Debug|Any CPU.ActiveCfg = Debug|Any CPU
		{1F554F74-00D0-4731-BC9A-66269992E106}.Debug|Any CPU.Build.0 = Debug|Any CPU
		{1F554F74-00D0-4731-BC9A-66269992E106}.Release|Any CPU.ActiveCfg = Release|Any CPU
		{1F554F74-00D0-4731-BC9A-66269992E106}.Release|Any CPU.Build.0 = Release|Any CPU
	EndGlobalSection
	GlobalSection(SolutionProperties) = preSolution
		HideSolutionNode = FALSE
	EndGlobalSection
	GlobalSection(ExtensibilityGlobals) = postSolution
		SolutionGuid = {926F8017-8B83-4DE4-8683-6C8B5E75DC91}
	EndGlobalSection
EndGlobal
